// !$*UTF8*$!
{
	archiveVersion = 1;
	classes = {
	};
	objectVersion = 50;
	objects = {

/* Begin PBXBuildFile section */
		121E25AA24C4B957004563AE /* AppDelegate.swift in Sources */ = {isa = PBXBuildFile; fileRef = 121E25A924C4B957004563AE /* AppDelegate.swift */; };
		121E25AC24C4B957004563AE /* SceneDelegate.swift in Sources */ = {isa = PBXBuildFile; fileRef = 121E25AB24C4B957004563AE /* SceneDelegate.swift */; };
		121E25AE24C4B957004563AE /* ViewController.swift in Sources */ = {isa = PBXBuildFile; fileRef = 121E25AD24C4B957004563AE /* ViewController.swift */; };
		121E25B124C4B957004563AE /* Main.storyboard in Resources */ = {isa = PBXBuildFile; fileRef = 121E25AF24C4B957004563AE /* Main.storyboard */; };
		121E25B324C4B958004563AE /* Assets.xcassets in Resources */ = {isa = PBXBuildFile; fileRef = 121E25B224C4B958004563AE /* Assets.xcassets */; };
		121E25B624C4B958004563AE /* LaunchScreen.storyboard in Resources */ = {isa = PBXBuildFile; fileRef = 121E25B424C4B958004563AE /* LaunchScreen.storyboard */; };
		121E25C124C4B958004563AE /* tipTests.swift in Sources */ = {isa = PBXBuildFile; fileRef = 121E25C024C4B958004563AE /* tipTests.swift */; };
		121E25CC24C4B958004563AE /* tipUITests.swift in Sources */ = {isa = PBXBuildFile; fileRef = 121E25CB24C4B958004563AE /* tipUITests.swift */; };
/* End PBXBuildFile section */

/* Begin PBXContainerItemProxy section */
		121E25BD24C4B958004563AE /* PBXContainerItemProxy */ = {
			isa = PBXContainerItemProxy;
			containerPortal = 121E259E24C4B957004563AE /* Project object */;
			proxyType = 1;
			remoteGlobalIDString = 121E25A524C4B957004563AE;
			remoteInfo = tip;
		};
		121E25C824C4B958004563AE /* PBXContainerItemProxy */ = {
			isa = PBXContainerItemProxy;
			containerPortal = 121E259E24C4B957004563AE /* Project object */;
			proxyType = 1;
			remoteGlobalIDString = 121E25A524C4B957004563AE;
			remoteInfo = tip;
		};
/* End PBXContainerItemProxy section */

/* Begin PBXFileReference section */
		121E25A624C4B957004563AE /* tip.app */ = {isa = PBXFileReference; explicitFileType = wrapper.application; includeInIndex = 0; path = tip.app; sourceTree = BUILT_PRODUCTS_DIR; };
		121E25A924C4B957004563AE /* AppDelegate.swift */ = {isa = PBXFileReference; lastKnownFileType = sourcecode.swift; path = AppDelegate.swift; sourceTree = "<group>"; };
		121E25AB24C4B957004563AE /* SceneDelegate.swift */ = {isa = PBXFileReference; lastKnownFileType = sourcecode.swift; path = SceneDelegate.swift; sourceTree = "<group>"; };
		121E25AD24C4B957004563AE /* ViewController.swift */ = {isa = PBXFileReference; lastKnownFileType = sourcecode.swift; path = ViewController.swift; sourceTree = "<group>"; };
		121E25B024C4B957004563AE /* Base */ = {isa = PBXFileReference; lastKnownFileType = file.storyboard; name = Base; path = Base.lproj/Main.storyboard; sourceTree = "<group>"; };
		121E25B224C4B958004563AE /* Assets.xcassets */ = {isa = PBXFileReference; lastKnownFileType = folder.assetcatalog; path = Assets.xcassets; sourceTree = "<group>"; };
		121E25B524C4B958004563AE /* Base */ = {isa = PBXFileReference; lastKnownFileType = file.storyboard; name = Base; path = Base.lproj/LaunchScreen.storyboard; sourceTree = "<group>"; };
		121E25B724C4B958004563AE /* Info.plist */ = {isa = PBXFileReference; lastKnownFileType = text.plist.xml; path = Info.plist; sourceTree = "<group>"; };
		121E25BC24C4B958004563AE /* tipTests.xctest */ = {isa = PBXFileReference; explicitFileType = wrapper.cfbundle; includeInIndex = 0; path = tipTests.xctest; sourceTree = BUILT_PRODUCTS_DIR; };
		121E25C024C4B958004563AE /* tipTests.swift */ = {isa = PBXFileReference; lastKnownFileType = sourcecode.swift; path = tipTests.swift; sourceTree = "<group>"; };
		121E25C224C4B958004563AE /* Info.plist */ = {isa = PBXFileReference; lastKnownFileType = text.plist.xml; path = Info.plist; sourceTree = "<group>"; };
		121E25C724C4B958004563AE /* tipUITests.xctest */ = {isa = PBXFileReference; explicitFileType = wrapper.cfbundle; includeInIndex = 0; path = tipUITests.xctest; sourceTree = BUILT_PRODUCTS_DIR; };
		121E25CB24C4B958004563AE /* tipUITests.swift */ = {isa = PBXFileReference; lastKnownFileType = sourcecode.swift; path = tipUITests.swift; sourceTree = "<group>"; };
		121E25CD24C4B958004563AE /* Info.plist */ = {isa = PBXFileReference; lastKnownFileType = text.plist.xml; path = Info.plist; sourceTree = "<group>"; };
/* End PBXFileReference section */

/* Begin PBXFrameworksBuildPhase section */
		121E25A324C4B957004563AE /* Frameworks */ = {
			isa = PBXFrameworksBuildPhase;
			buildActionMask = 2147483647;
			files = (
			);
			runOnlyForDeploymentPostprocessing = 0;
		};
		121E25B924C4B958004563AE /* Frameworks */ = {
			isa = PBXFrameworksBuildPhase;
			buildActionMask = 2147483647;
			files = (
			);
			runOnlyForDeploymentPostprocessing = 0;
		};
		121E25C424C4B958004563AE /* Frameworks */ = {
			isa = PBXFrameworksBuildPhase;
			buildActionMask = 2147483647;
			files = (
			);
			runOnlyForDeploymentPostprocessing = 0;
		};
/* End PBXFrameworksBuildPhase section */

/* Begin PBXGroup section */
		121E259D24C4B957004563AE = {
			isa = PBXGroup;
			children = (
				121E25A824C4B957004563AE /* tip */,
				121E25BF24C4B958004563AE /* tipTests */,
				121E25CA24C4B958004563AE /* tipUITests */,
				121E25A724C4B957004563AE /* Products */,
			);
			sourceTree = "<group>";
		};
		121E25A724C4B957004563AE /* Products */ = {
			isa = PBXGroup;
			children = (
				121E25A624C4B957004563AE /* tip.app */,
				121E25BC24C4B958004563AE /* tipTests.xctest */,
				121E25C724C4B958004563AE /* tipUITests.xctest */,
			);
			name = Products;
			sourceTree = "<group>";
		};
		121E25A824C4B957004563AE /* tip */ = {
			isa = PBXGroup;
			children = (
				121E25A924C4B957004563AE /* AppDelegate.swift */,
				121E25AB24C4B957004563AE /* SceneDelegate.swift */,
				121E25AD24C4B957004563AE /* ViewController.swift */,
				121E25AF24C4B957004563AE /* Main.storyboard */,
				121E25B224C4B958004563AE /* Assets.xcassets */,
				121E25B424C4B958004563AE /* LaunchScreen.storyboard */,
				121E25B724C4B958004563AE /* Info.plist */,
			);
			path = tip;
			sourceTree = "<group>";
		};
		121E25BF24C4B958004563AE /* tipTests */ = {
			isa = PBXGroup;
			children = (
				121E25C024C4B958004563AE /* tipTests.swift */,
				121E25C224C4B958004563AE /* Info.plist */,
			);
			path = tipTests;
			sourceTree = "<group>";
		};
		121E25CA24C4B958004563AE /* tipUITests */ = {
			isa = PBXGroup;
			children = (
				121E25CB24C4B958004563AE /* tipUITests.swift */,
				121E25CD24C4B958004563AE /* Info.plist */,
			);
			path = tipUITests;
			sourceTree = "<group>";
		};
/* End PBXGroup section */

/* Begin PBXNativeTarget section */
		121E25A524C4B957004563AE /* tip */ = {
			isa = PBXNativeTarget;
			buildConfigurationList = 121E25D024C4B958004563AE /* Build configuration list for PBXNativeTarget "tip" */;
			buildPhases = (
				121E25A224C4B957004563AE /* Sources */,
				121E25A324C4B957004563AE /* Frameworks */,
				121E25A424C4B957004563AE /* Resources */,
			);
			buildRules = (
			);
			dependencies = (
			);
			name = tip;
			productName = tip;
			productReference = 121E25A624C4B957004563AE /* tip.app */;
			productType = "com.apple.product-type.application";
		};
		121E25BB24C4B958004563AE /* tipTests */ = {
			isa = PBXNativeTarget;
			buildConfigurationList = 121E25D324C4B958004563AE /* Build configuration list for PBXNativeTarget "tipTests" */;
			buildPhases = (
				121E25B824C4B958004563AE /* Sources */,
				121E25B924C4B958004563AE /* Frameworks */,
				121E25BA24C4B958004563AE /* Resources */,
			);
			buildRules = (
			);
			dependencies = (
				121E25BE24C4B958004563AE /* PBXTargetDependency */,
			);
			name = tipTests;
			productName = tipTests;
			productReference = 121E25BC24C4B958004563AE /* tipTests.xctest */;
			productType = "com.apple.product-type.bundle.unit-test";
		};
		121E25C624C4B958004563AE /* tipUITests */ = {
			isa = PBXNativeTarget;
			buildConfigurationList = 121E25D624C4B958004563AE /* Build configuration list for PBXNativeTarget "tipUITests" */;
			buildPhases = (
				121E25C324C4B958004563AE /* Sources */,
				121E25C424C4B958004563AE /* Frameworks */,
				121E25C524C4B958004563AE /* Resources */,
			);
			buildRules = (
			);
			dependencies = (
				121E25C924C4B958004563AE /* PBXTargetDependency */,
			);
			name = tipUITests;
			productName = tipUITests;
			productReference = 121E25C724C4B958004563AE /* tipUITests.xctest */;
			productType = "com.apple.product-type.bundle.ui-testing";
		};
/* End PBXNativeTarget section */

/* Begin PBXProject section */
		121E259E24C4B957004563AE /* Project object */ = {
			isa = PBXProject;
			attributes = {
				LastSwiftUpdateCheck = 1160;
				LastUpgradeCheck = 1160;
				ORGANIZATIONNAME = Codepath;
				TargetAttributes = {
					121E25A524C4B957004563AE = {
						CreatedOnToolsVersion = 11.6;
					};
					121E25BB24C4B958004563AE = {
						CreatedOnToolsVersion = 11.6;
						TestTargetID = 121E25A524C4B957004563AE;
					};
					121E25C624C4B958004563AE = {
						CreatedOnToolsVersion = 11.6;
						TestTargetID = 121E25A524C4B957004563AE;
					};
				};
			};
			buildConfigurationList = 121E25A124C4B957004563AE /* Build configuration list for PBXProject "tip" */;
			compatibilityVersion = "Xcode 9.3";
			developmentRegion = en;
			hasScannedForEncodings = 0;
			knownRegions = (
				en,
				Base,
			);
			mainGroup = 121E259D24C4B957004563AE;
			productRefGroup = 121E25A724C4B957004563AE /* Products */;
			projectDirPath = "";
			projectRoot = "";
			targets = (
				121E25A524C4B957004563AE /* tip */,
				121E25BB24C4B958004563AE /* tipTests */,
				121E25C624C4B958004563AE /* tipUITests */,
			);
		};
/* End PBXProject section */

/* Begin PBXResourcesBuildPhase section */
		121E25A424C4B957004563AE /* Resources */ = {
			isa = PBXResourcesBuildPhase;
			buildActionMask = 2147483647;
			files = (
				121E25B624C4B958004563AE /* LaunchScreen.storyboard in Resources */,
				121E25B324C4B958004563AE /* Assets.xcassets in Resources */,
				121E25B124C4B957004563AE /* Main.storyboard in Resources */,
			);
			runOnlyForDeploymentPostprocessing = 0;
		};
		121E25BA24C4B958004563AE /* Resources */ = {
			isa = PBXResourcesBuildPhase;
			buildActionMask = 2147483647;
			files = (
			);
			runOnlyForDeploymentPostprocessing = 0;
		};
		121E25C524C4B958004563AE /* Resources */ = {
			isa = PBXResourcesBuildPhase;
			buildActionMask = 2147483647;
			files = (
			);
			runOnlyForDeploymentPostprocessing = 0;
		};
/* End PBXResourcesBuildPhase section */

/* Begin PBXSourcesBuildPhase section */
		121E25A224C4B957004563AE /* Sources */ = {
			isa = PBXSourcesBuildPhase;
			buildActionMask = 2147483647;
			files = (
				121E25AE24C4B957004563AE /* ViewController.swift in Sources */,
				121E25AA24C4B957004563AE /* AppDelegate.swift in Sources */,
				121E25AC24C4B957004563AE /* SceneDelegate.swift in Sources */,
			);
			runOnlyForDeploymentPostprocessing = 0;
		};
		121E25B824C4B958004563AE /* Sources */ = {
			isa = PBXSourcesBuildPhase;
			buildActionMask = 2147483647;
			files = (
				121E25C124C4B958004563AE /* tipTests.swift in Sources */,
			);
			runOnlyForDeploymentPostprocessing = 0;
		};
		121E25C324C4B958004563AE /* Sources */ = {
			isa = PBXSourcesBuildPhase;
			buildActionMask = 2147483647;
			files = (
				121E25CC24C4B958004563AE /* tipUITests.swift in Sources */,
			);
			runOnlyForDeploymentPostprocessing = 0;
		};
/* End PBXSourcesBuildPhase section */

/* Begin PBXTargetDependency section */
		121E25BE24C4B958004563AE /* PBXTargetDependency */ = {
			isa = PBXTargetDependency;
			target = 121E25A524C4B957004563AE /* tip */;
			targetProxy = 121E25BD24C4B958004563AE /* PBXContainerItemProxy */;
		};
		121E25C924C4B958004563AE /* PBXTargetDependency */ = {
			isa = PBXTargetDependency;
			target = 121E25A524C4B957004563AE /* tip */;
			targetProxy = 121E25C824C4B958004563AE /* PBXContainerItemProxy */;
		};
/* End PBXTargetDependency section */

/* Begin PBXVariantGroup section */
		121E25AF24C4B957004563AE /* Main.storyboard */ = {
			isa = PBXVariantGroup;
			children = (
				121E25B024C4B957004563AE /* Base */,
			);
			name = Main.storyboard;
			sourceTree = "<group>";
		};
		121E25B424C4B958004563AE /* LaunchScreen.storyboard */ = {
			isa = PBXVariantGroup;
			children = (
				121E25B524C4B958004563AE /* Base */,
			);
			name = LaunchScreen.storyboard;
			sourceTree = "<group>";
		};
/* End PBXVariantGroup section */

/* Begin XCBuildConfiguration section */
		121E25CE24C4B958004563AE /* Debug */ = {
			isa = XCBuildConfiguration;
			buildSettings = {
				ALWAYS_SEARCH_USER_PATHS = NO;
				CLANG_ANALYZER_NONNULL = YES;
				CLANG_ANALYZER_NUMBER_OBJECT_CONVERSION = YES_AGGRESSIVE;
				CLANG_CXX_LANGUAGE_STANDARD = "gnu++14";
				CLANG_CXX_LIBRARY = "libc++";
				CLANG_ENABLE_MODULES = YES;
				CLANG_ENABLE_OBJC_ARC = YES;
				CLANG_ENABLE_OBJC_WEAK = YES;
				CLANG_WARN_BLOCK_CAPTURE_AUTORELEASING = YES;
				CLANG_WARN_BOOL_CONVERSION = YES;
				CLANG_WARN_COMMA = YES;
				CLANG_WARN_CONSTANT_CONVERSION = YES;
				CLANG_WARN_DEPRECATED_OBJC_IMPLEMENTATIONS = YES;
				CLANG_WARN_DIRECT_OBJC_ISA_USAGE = YES_ERROR;
				CLANG_WARN_DOCUMENTATION_COMMENTS = YES;
				CLANG_WARN_EMPTY_BODY = YES;
				CLANG_WARN_ENUM_CONVERSION = YES;
				CLANG_WARN_INFINITE_RECURSION = YES;
				CLANG_WARN_INT_CONVERSION = YES;
				CLANG_WARN_NON_LITERAL_NULL_CONVERSION = YES;
				CLANG_WARN_OBJC_IMPLICIT_RETAIN_SELF = YES;
				CLANG_WARN_OBJC_LITERAL_CONVERSION = YES;
				CLANG_WARN_OBJC_ROOT_CLASS = YES_ERROR;
				CLANG_WARN_RANGE_LOOP_ANALYSIS = YES;
				CLANG_WARN_STRICT_PROTOTYPES = YES;
				CLANG_WARN_SUSPICIOUS_MOVE = YES;
				CLANG_WARN_UNGUARDED_AVAILABILITY = YES_AGGRESSIVE;
				CLANG_WARN_UNREACHABLE_CODE = YES;
				CLANG_WARN__DUPLICATE_METHOD_MATCH = YES;
				COPY_PHASE_STRIP = NO;
				DEBUG_INFORMATION_FORMAT = dwarf;
				ENABLE_STRICT_OBJC_MSGSEND = YES;
				ENABLE_TESTABILITY = YES;
				GCC_C_LANGUAGE_STANDARD = gnu11;
				GCC_DYNAMIC_NO_PIC = NO;
				GCC_NO_COMMON_BLOCKS = YES;
				GCC_OPTIMIZATION_LEVEL = 0;
				GCC_PREPROCESSOR_DEFINITIONS = (
					"DEBUG=1",
					"$(inherited)",
				);
				GCC_WARN_64_TO_32_BIT_CONVERSION = YES;
				GCC_WARN_ABOUT_RETURN_TYPE = YES_ERROR;
				GCC_WARN_UNDECLARED_SELECTOR = YES;
				GCC_WARN_UNINITIALIZED_AUTOS = YES_AGGRESSIVE;
				GCC_WARN_UNUSED_FUNCTION = YES;
				GCC_WARN_UNUSED_VARIABLE = YES;
				IPHONEOS_DEPLOYMENT_TARGET = 13.6;
				MTL_ENABLE_DEBUG_INFO = INCLUDE_SOURCE;
				MTL_FAST_MATH = YES;
				ONLY_ACTIVE_ARCH = YES;
				SDKROOT = iphoneos;
				SWIFT_ACTIVE_COMPILATION_CONDITIONS = DEBUG;
				SWIFT_OPTIMIZATION_LEVEL = "-Onone";
			};
			name = Debug;
		};
		121E25CF24C4B958004563AE /* Release */ = {
			isa = XCBuildConfiguration;
			buildSettings = {
				ALWAYS_SEARCH_USER_PATHS = NO;
				CLANG_ANALYZER_NONNULL = YES;
				CLANG_ANALYZER_NUMBER_OBJECT_CONVERSION = YES_AGGRESSIVE;
				CLANG_CXX_LANGUAGE_STANDARD = "gnu++14";
				CLANG_CXX_LIBRARY = "libc++";
				CLANG_ENABLE_MODULES = YES;
				CLANG_ENABLE_OBJC_ARC = YES;
				CLANG_ENABLE_OBJC_WEAK = YES;
				CLANG_WARN_BLOCK_CAPTURE_AUTORELEASING = YES;
				CLANG_WARN_BOOL_CONVERSION = YES;
				CLANG_WARN_COMMA = YES;
				CLANG_WARN_CONSTANT_CONVERSION = YES;
				CLANG_WARN_DEPRECATED_OBJC_IMPLEMENTATIONS = YES;
				CLANG_WARN_DIRECT_OBJC_ISA_USAGE = YES_ERROR;
				CLANG_WARN_DOCUMENTATION_COMMENTS = YES;
				CLANG_WARN_EMPTY_BODY = YES;
				CLANG_WARN_ENUM_CONVERSION = YES;
				CLANG_WARN_INFINITE_RECURSION = YES;
				CLANG_WARN_INT_CONVERSION = YES;
				CLANG_WARN_NON_LITERAL_NULL_CONVERSION = YES;
				CLANG_WARN_OBJC_IMPLICIT_RETAIN_SELF = YES;
				CLANG_WARN_OBJC_LITERAL_CONVERSION = YES;
				CLANG_WARN_OBJC_ROOT_CLASS = YES_ERROR;
				CLANG_WARN_RANGE_LOOP_ANALYSIS = YES;
				CLANG_WARN_STRICT_PROTOTYPES = YES;
				CLANG_WARN_SUSPICIOUS_MOVE = YES;
				CLANG_WARN_UNGUARDED_AVAILABILITY = YES_AGGRESSIVE;
				CLANG_WARN_UNREACHABLE_CODE = YES;
				CLANG_WARN__DUPLICATE_METHOD_MATCH = YES;
				COPY_PHASE_STRIP = NO;
				DEBUG_INFORMATION_FORMAT = "dwarf-with-dsym";
				ENABLE_NS_ASSERTIONS = NO;
				ENABLE_STRICT_OBJC_MSGSEND = YES;
				GCC_C_LANGUAGE_STANDARD = gnu11;
				GCC_NO_COMMON_BLOCKS = YES;
				GCC_WARN_64_TO_32_BIT_CONVERSION = YES;
				GCC_WARN_ABOUT_RETURN_TYPE = YES_ERROR;
				GCC_WARN_UNDECLARED_SELECTOR = YES;
				GCC_WARN_UNINITIALIZED_AUTOS = YES_AGGRESSIVE;
				GCC_WARN_UNUSED_FUNCTION = YES;
				GCC_WARN_UNUSED_VARIABLE = YES;
				IPHONEOS_DEPLOYMENT_TARGET = 13.6;
				MTL_ENABLE_DEBUG_INFO = NO;
				MTL_FAST_MATH = YES;
				SDKROOT = iphoneos;
				SWIFT_COMPILATION_MODE = wholemodule;
				SWIFT_OPTIMIZATION_LEVEL = "-O";
				VALIDATE_PRODUCT = YES;
			};
			name = Release;
		};
		121E25D124C4B958004563AE /* Debug */ = {
			isa = XCBuildConfiguration;
			buildSettings = {
				ASSETCATALOG_COMPILER_APPICON_NAME = AppIcon;
				CODE_SIGN_STYLE = Automatic;
				INFOPLIST_FILE = tip/Info.plist;
				LD_RUNPATH_SEARCH_PATHS = (
					"$(inherited)",
					"@executable_path/Frameworks",
				);
				PRODUCT_BUNDLE_IDENTIFIER = Codepath.tip;
				PRODUCT_NAME = "$(TARGET_NAME)";
				SWIFT_VERSION = 5.0;
				TARGETED_DEVICE_FAMILY = "1,2";
			};
			name = Debug;
		};
		121E25D224C4B958004563AE /* Release */ = {
			isa = XCBuildConfiguration;
			buildSettings = {
				ASSETCATALOG_COMPILER_APPICON_NAME = AppIcon;
				CODE_SIGN_STYLE = Automatic;
				INFOPLIST_FILE = tip/Info.plist;
				LD_RUNPATH_SEARCH_PATHS = (
					"$(inherited)",
					"@executable_path/Frameworks",
				);
				PRODUCT_BUNDLE_IDENTIFIER = Codepath.tip;
				PRODUCT_NAME = "$(TARGET_NAME)";
				SWIFT_VERSION = 5.0;
				TARGETED_DEVICE_FAMILY = "1,2";
			};
			name = Release;
		};
		121E25D424C4B958004563AE /* Debug */ = {
			isa = XCBuildConfiguration;
			buildSettings = {
				ALWAYS_EMBED_SWIFT_STANDARD_LIBRARIES = YES;
				BUNDLE_LOADER = "$(TEST_HOST)";
				CODE_SIGN_STYLE = Automatic;
				INFOPLIST_FILE = tipTests/Info.plist;
				IPHONEOS_DEPLOYMENT_TARGET = 13.6;
				LD_RUNPATH_SEARCH_PATHS = (
					"$(inherited)",
					"@executable_path/Frameworks",
					"@loader_path/Frameworks",
				);
				PRODUCT_BUNDLE_IDENTIFIER = Codepath.tipTests;
				PRODUCT_NAME = "$(TARGET_NAME)";
				SWIFT_VERSION = 5.0;
				TARGETED_DEVICE_FAMILY = "1,2";
				TEST_HOST = "$(BUILT_PRODUCTS_DIR)/tip.app/tip";
			};
			name = Debug;
		};
		121E25D524C4B958004563AE /* Release */ = {
			isa = XCBuildConfiguration;
			buildSettings = {
				ALWAYS_EMBED_SWIFT_STANDARD_LIBRARIES = YES;
				BUNDLE_LOADER = "$(TEST_HOST)";
				CODE_SIGN_STYLE = Automatic;
				INFOPLIST_FILE = tipTests/Info.plist;
				IPHONEOS_DEPLOYMENT_TARGET = 13.6;
				LD_RUNPATH_SEARCH_PATHS = (
					"$(inherited)",
					"@executable_path/Frameworks",
					"@loader_path/Frameworks",
				);
				PRODUCT_BUNDLE_IDENTIFIER = Codepath.tipTests;
				PRODUCT_NAME = "$(TARGET_NAME)";
				SWIFT_VERSION = 5.0;
				TARGETED_DEVICE_FAMILY = "1,2";
				TEST_HOST = "$(BUILT_PRODUCTS_DIR)/tip.app/tip";
			};
			name = Release;
		};
		121E25D724C4B958004563AE /* Debug */ = {
			isa = XCBuildConfiguration;
			buildSettings = {
				ALWAYS_EMBED_SWIFT_STANDARD_LIBRARIES = YES;
				CODE_SIGN_STYLE = Automatic;
				INFOPLIST_FILE = tipUITests/Info.plist;
				LD_RUNPATH_SEARCH_PATHS = (
					"$(inherited)",
					"@executable_path/Frameworks",
					"@loader_path/Frameworks",
				);
				PRODUCT_BUNDLE_IDENTIFIER = Codepath.tipUITests;
				PRODUCT_NAME = "$(TARGET_NAME)";
				SWIFT_VERSION = 5.0;
				TARGETED_DEVICE_FAMILY = "1,2";
				TEST_TARGET_NAME = tip;
			};
			name = Debug;
		};
		121E25D824C4B958004563AE /* Release */ = {
			isa = XCBuildConfiguration;
			buildSettings = {
				ALWAYS_EMBED_SWIFT_STANDARD_LIBRARIES = YES;
				CODE_SIGN_STYLE = Automatic;
				INFOPLIST_FILE = tipUITests/Info.plist;
				LD_RUNPATH_SEARCH_PATHS = (
					"$(inherited)",
					"@executable_path/Frameworks",
					"@loader_path/Frameworks",
				);
				PRODUCT_BUNDLE_IDENTIFIER = Codepath.tipUITests;
				PRODUCT_NAME = "$(TARGET_NAME)";
				SWIFT_VERSION = 5.0;
				TARGETED_DEVICE_FAMILY = "1,2";
				TEST_TARGET_NAME = tip;
			};
			name = Release;
		};
/* End XCBuildConfiguration section */

/* Begin XCConfigurationList section */
		121E25A124C4B957004563AE /* Build configuration list for PBXProject "tip" */ = {
			isa = XCConfigurationList;
			buildConfigurations = (
				121E25CE24C4B958004563AE /* Debug */,
				121E25CF24C4B958004563AE /* Release */,
			);
			defaultConfigurationIsVisible = 0;
			defaultConfigurationName = Release;
		};
		121E25D024C4B958004563AE /* Build configuration list for PBXNativeTarget "tip" */ = {
			isa = XCConfigurationList;
			buildConfigurations = (
				121E25D124C4B958004563AE /* Debug */,
				121E25D224C4B958004563AE /* Release */,
			);
			defaultConfigurationIsVisible = 0;
			defaultConfigurationName = Release;
		};
		121E25D324C4B958004563AE /* Build configuration list for PBXNativeTarget "tipTests" */ = {
			isa = XCConfigurationList;
			buildConfigurations = (
				121E25D424C4B958004563AE /* Debug */,
				121E25D524C4B958004563AE /* Release */,
			);
			defaultConfigurationIsVisible = 0;
			defaultConfigurationName = Release;
		};
		121E25D624C4B958004563AE /* Build configuration list for PBXNativeTarget "tipUITests" */ = {
			isa = XCConfigurationList;
			buildConfigurations = (
				121E25D724C4B958004563AE /* Debug */,
				121E25D824C4B958004563AE /* Release */,
			);
			defaultConfigurationIsVisible = 0;
			defaultConfigurationName = Release;
		};
/* End XCConfigurationList section */
	};
	rootObject = 121E259E24C4B957004563AE /* Project object */;
}
